
Microsoft Visual Studio Solution File, Format Version 12.00
# Visual Studio Version 16
VisualStudioVersion = 16.0.31019.35
MinimumVisualStudioVersion = 10.0.40219.1
Project("{FAE04EC0-301F-11D3-BF4B-00C04F79EFBC}") = "AppDataSecurity", "AppDataSecurity\AppDataSecurity.csproj", "{2578C8DC-2B3E-4339-A404-69727036425B}"
EndProject
Global
	GlobalSection(SolutionConfigurationPlatforms) = preSolution
		Debug|Any CPU = Debug|Any CPU
		Release|Any CPU = Release|Any CPU
	EndGlobalSection
	GlobalSection(ProjectConfigurationPlatforms) = postSolution
		{2578C8DC-2B3E-4339-A404-69727036425B}.Debug|Any CPU.ActiveCfg = Debug|Any CPU
		{2578C8DC-2B3E-4339-A404-69727036425B}.Debug|Any CPU.Build.0 = Debug|Any CPU
		{2578C8DC-2B3E-4339-A404-69727036425B}.Release|Any CPU.ActiveCfg = Release|Any CPU
		{2578C8DC-2B3E-4339-A404-69727036425B}.Release|Any CPU.Build.0 = Release|Any CPU
	EndGlobalSection
	GlobalSection(SolutionProperties) = preSolution
		HideSolutionNode = FALSE
	EndGlobalSection
	GlobalSection(ExtensibilityGlobals) = postSolution
		SolutionGuid = {4EB078E3-33F1-4573-A73E-6DF983F0CDB8}
	EndGlobalSection
EndGlobal
